# This file is automatically @generated by Poetry 2.1.3 and should not be changed by hand.

[[package]]
name = "hid"
version = "1.0.7"
description = "ctypes bindings for hidapi"
optional = false
python-versions = "*"
groups = ["main"]
files = [
    {file = "hid-1.0.7-py3-none-any.whl", hash = "sha256:8a4f1b081202599018564c4fbc4805d9b97b9c2495f2be177a1ed9600940436d"},
    {file = "hid-1.0.7.tar.gz", hash = "sha256:3f809e292ab52c4435ad1442c8ef205be4c9ca4eeb80fb47c7d98e0c75527b2a"},
]

[metadata]
lock-version = "2.1"
python-versions = ">=3.11"
content-hash = "828895fbc50f2c79e647449b8c9972e0e6a9ed118dbf3335866f7c7f8c250c25"
